
Microsoft Visual Studio Solution File, Format Version 12.00
# Visual Studio Version 16
VisualStudioVersion = 16.0.28803.452
MinimumVisualStudioVersion = 10.0.40219.1
Project("{FAE04EC0-301F-11D3-BF4B-00C04F79EFBC}") = "Kasp_1.UWP", "Kasp_1\Kasp_1.UWP\Kasp_1.UWP.csproj", "{2663931D-DE08-4E8A-B177-A94688A1B98E}"
EndProject
Project("{FAE04EC0-301F-11D3-BF4B-00C04F79EFBC}") = "Kasp_1.Android", "Kasp_1\Kasp_1.Android\Kasp_1.Android.csproj", "{D0E7CA6A-9702-4130-B693-3BF37A977B3D}"
EndProject
Project("{FAE04EC0-301F-11D3-BF4B-00C04F79EFBC}") = "Kasp_1", "Kasp_1\Kasp_1\Kasp_1.csproj", "{43B4F58F-DBD6-439A-B038-29A08178E861}"
EndProject
Project("{FAE04EC0-301F-11D3-BF4B-00C04F79EFBC}") = "Kasp_1.Backend", "Kasp_1.Backend\Kasp_1.Backend.csproj", "{893FCE6B-186D-45EC-8E27-50F9A16E7013}"
EndProject
Project("{FAE04EC0-301F-11D3-BF4B-00C04F79EFBC}") = "Kasp1_API", "Kasp1_API\Kasp1_API.csproj", "{3355D5BC-131D-4599-AC6E-B3C43D623CA2}"
EndProject
Project("{FAE04EC0-301F-11D3-BF4B-00C04F79EFBC}") = "Kasp_1.Common", "Kasp_1.Common\Kasp_1.Common.csproj", "{1D359E2F-B223-406A-95E1-5BBAE3BD8CC4}"
EndProject
Global
	GlobalSection(SolutionConfigurationPlatforms) = preSolution
		Debug|Any CPU = Debug|Any CPU
		Debug|ARM = Debug|ARM
		Debug|iPhone = Debug|iPhone
		Debug|iPhoneSimulator = Debug|iPhoneSimulator
		Debug|x64 = Debug|x64
		Debug|x86 = Debug|x86
		Release|Any CPU = Release|Any CPU
		Release|ARM = Release|ARM
		Release|iPhone = Release|iPhone
		Release|iPhoneSimulator = Release|iPhoneSimulator
		Release|x64 = Release|x64
		Release|x86 = Release|x86
	EndGlobalSection
	GlobalSection(ProjectConfigurationPlatforms) = postSolution
		{2663931D-DE08-4E8A-B177-A94688A1B98E}.Debug|Any CPU.ActiveCfg = Debug|x86
		{2663931D-DE08-4E8A-B177-A94688A1B98E}.Debug|Any CPU.Build.0 = Debug|x86
		{2663931D-DE08-4E8A-B177-A94688A1B98E}.Debug|Any CPU.Deploy.0 = Debug|x86
		{2663931D-DE08-4E8A-B177-A94688A1B98E}.Debug|ARM.ActiveCfg = Debug|ARM
		{2663931D-DE08-4E8A-B177-A94688A1B98E}.Debug|ARM.Build.0 = Debug|ARM
		{2663931D-DE08-4E8A-B177-A94688A1B98E}.Debug|ARM.Deploy.0 = Debug|ARM
		{2663931D-DE08-4E8A-B177-A94688A1B98E}.Debug|iPhone.ActiveCfg = Debug|x86
		{2663931D-DE08-4E8A-B177-A94688A1B98E}.Debug|iPhone.Build.0 = Debug|x86
		{2663931D-DE08-4E8A-B177-A94688A1B98E}.Debug|iPhone.Deploy.0 = Debug|x86
		{2663931D-DE08-4E8A-B177-A94688A1B98E}.Debug|iPhoneSimulator.ActiveCfg = Debug|x86
		{2663931D-DE08-4E8A-B177-A94688A1B98E}.Debug|iPhoneSimulator.Build.0 = Debug|x86
		{2663931D-DE08-4E8A-B177-A94688A1B98E}.Debug|iPhoneSimulator.Deploy.0 = Debug|x86
		{2663931D-DE08-4E8A-B177-A94688A1B98E}.Debug|x64.ActiveCfg = Debug|x64
		{2663931D-DE08-4E8A-B177-A94688A1B98E}.Debug|x64.Build.0 = Debug|x64
		{2663931D-DE08-4E8A-B177-A94688A1B98E}.Debug|x64.Deploy.0 = Debug|x64
		{2663931D-DE08-4E8A-B177-A94688A1B98E}.Debug|x86.ActiveCfg = Debug|x86
		{2663931D-DE08-4E8A-B177-A94688A1B98E}.Debug|x86.Build.0 = Debug|x86
		{2663931D-DE08-4E8A-B177-A94688A1B98E}.Debug|x86.Deploy.0 = Debug|x86
		{2663931D-DE08-4E8A-B177-A94688A1B98E}.Release|Any CPU.ActiveCfg = Release|x86
		{2663931D-DE08-4E8A-B177-A94688A1B98E}.Release|Any CPU.Build.0 = Release|x86
		{2663931D-DE08-4E8A-B177-A94688A1B98E}.Release|Any CPU.Deploy.0 = Release|x86
		{2663931D-DE08-4E8A-B177-A94688A1B98E}.Release|ARM.ActiveCfg = Release|ARM
		{2663931D-DE08-4E8A-B177-A94688A1B98E}.Release|ARM.Build.0 = Release|ARM
		{2663931D-DE08-4E8A-B177-A94688A1B98E}.Release|ARM.Deploy.0 = Release|ARM
		{2663931D-DE08-4E8A-B177-A94688A1B98E}.Release|iPhone.ActiveCfg = Release|x86
		{2663931D-DE08-4E8A-B177-A94688A1B98E}.Release|iPhone.Build.0 = Release|x86
		{2663931D-DE08-4E8A-B177-A94688A1B98E}.Release|iPhone.Deploy.0 = Release|x86
		{2663931D-DE08-4E8A-B177-A94688A1B98E}.Release|iPhoneSimulator.ActiveCfg = Release|x86
		{2663931D-DE08-4E8A-B177-A94688A1B98E}.Release|iPhoneSimulator.Build.0 = Release|x86
		{2663931D-DE08-4E8A-B177-A94688A1B98E}.Release|iPhoneSimulator.Deploy.0 = Release|x86
		{2663931D-DE08-4E8A-B177-A94688A1B98E}.Release|x64.ActiveCfg = Release|x64
		{2663931D-DE08-4E8A-B177-A94688A1B98E}.Release|x64.Build.0 = Release|x64
		{2663931D-DE08-4E8A-B177-A94688A1B98E}.Release|x64.Deploy.0 = Release|x64
		{2663931D-DE08-4E8A-B177-A94688A1B98E}.Release|x86.ActiveCfg = Release|x86
		{2663931D-DE08-4E8A-B177-A94688A1B98E}.Release|x86.Build.0 = Release|x86
		{2663931D-DE08-4E8A-B177-A94688A1B98E}.Release|x86.Deploy.0 = Release|x86
		{D0E7CA6A-9702-4130-B693-3BF37A977B3D}.Debug|Any CPU.ActiveCfg = Debug|Any CPU
		{D0E7CA6A-9702-4130-B693-3BF37A977B3D}.Debug|Any CPU.Build.0 = Debug|Any CPU
		{D0E7CA6A-9702-4130-B693-3BF37A977B3D}.Debug|Any CPU.Deploy.0 = Debug|Any CPU
		{D0E7CA6A-9702-4130-B693-3BF37A977B3D}.Debug|ARM.ActiveCfg = Debug|Any CPU
		{D0E7CA6A-9702-4130-B693-3BF37A977B3D}.Debug|ARM.Build.0 = Debug|Any CPU
		{D0E7CA6A-9702-4130-B693-3BF37A977B3D}.Debug|ARM.Deploy.0 = Debug|Any CPU
		{D0E7CA6A-9702-4130-B693-3BF37A977B3D}.Debug|iPhone.ActiveCfg = Debug|Any CPU
		{D0E7CA6A-9702-4130-B693-3BF37A977B3D}.Debug|iPhone.Build.0 = Debug|Any CPU
		{D0E7CA6A-9702-4130-B693-3BF37A977B3D}.Debug|iPhone.Deploy.0 = Debug|Any CPU
		{D0E7CA6A-9702-4130-B693-3BF37A977B3D}.Debug|iPhoneSimulator.ActiveCfg = Debug|Any CPU
		{D0E7CA6A-9702-4130-B693-3BF37A977B3D}.Debug|iPhoneSimulator.Build.0 = Debug|Any CPU
		{D0E7CA6A-9702-4130-B693-3BF37A977B3D}.Debug|iPhoneSimulator.Deploy.0 = Debug|Any CPU
		{D0E7CA6A-9702-4130-B693-3BF37A977B3D}.Debug|x64.ActiveCfg = Debug|Any CPU
		{D0E7CA6A-9702-4130-B693-3BF37A977B3D}.Debug|x64.Build.0 = Debug|Any CPU
		{D0E7CA6A-9702-4130-B693-3BF37A977B3D}.Debug|x64.Deploy.0 = Debug|Any CPU
		{D0E7CA6A-9702-4130-B693-3BF37A977B3D}.Debug|x86.ActiveCfg = Debug|Any CPU
		{D0E7CA6A-9702-4130-B693-3BF37A977B3D}.Debug|x86.Build.0 = Debug|Any CPU
		{D0E7CA6A-9702-4130-B693-3BF37A977B3D}.Debug|x86.Deploy.0 = Debug|Any CPU
		{D0E7CA6A-9702-4130-B693-3BF37A977B3D}.Release|Any CPU.ActiveCfg = Release|Any CPU
		{D0E7CA6A-9702-4130-B693-3BF37A977B3D}.Release|Any CPU.Build.0 = Release|Any CPU
		{D0E7CA6A-9702-4130-B693-3BF37A977B3D}.Release|Any CPU.Deploy.0 = Release|Any CPU
		{D0E7CA6A-9702-4130-B693-3BF37A977B3D}.Release|ARM.ActiveCfg = Release|Any CPU
		{D0E7CA6A-9702-4130-B693-3BF37A977B3D}.Release|ARM.Build.0 = Release|Any CPU
		{D0E7CA6A-9702-4130-B693-3BF37A977B3D}.Release|ARM.Deploy.0 = Release|Any CPU
		{D0E7CA6A-9702-4130-B693-3BF37A977B3D}.Release|iPhone.ActiveCfg = Release|Any CPU
		{D0E7CA6A-9702-4130-B693-3BF37A977B3D}.Release|iPhone.Build.0 = Release|Any CPU
		{D0E7CA6A-9702-4130-B693-3BF37A977B3D}.Release|iPhone.Deploy.0 = Release|Any CPU
		{D0E7CA6A-9702-4130-B693-3BF37A977B3D}.Release|iPhoneSimulator.ActiveCfg = Release|Any CPU
		{D0E7CA6A-9702-4130-B693-3BF37A977B3D}.Release|iPhoneSimulator.Build.0 = Release|Any CPU
		{D0E7CA6A-9702-4130-B693-3BF37A977B3D}.Release|iPhoneSimulator.Deploy.0 = Release|Any CPU
		{D0E7CA6A-9702-4130-B693-3BF37A977B3D}.Release|x64.ActiveCfg = Release|Any CPU
		{D0E7CA6A-9702-4130-B693-3BF37A977B3D}.Release|x64.Build.0 = Release|Any CPU
		{D0E7CA6A-9702-4130-B693-3BF37A977B3D}.Release|x64.Deploy.0 = Release|Any CPU
		{D0E7CA6A-9702-4130-B693-3BF37A977B3D}.Release|x86.ActiveCfg = Release|Any CPU
		{D0E7CA6A-9702-4130-B693-3BF37A977B3D}.Release|x86.Build.0 = Release|Any CPU
		{D0E7CA6A-9702-4130-B693-3BF37A977B3D}.Release|x86.Deploy.0 = Release|Any CPU
		{43B4F58F-DBD6-439A-B038-29A08178E861}.Debug|Any CPU.ActiveCfg = Debug|Any CPU
		{43B4F58F-DBD6-439A-B038-29A08178E861}.Debug|Any CPU.Build.0 = Debug|Any CPU
		{43B4F58F-DBD6-439A-B038-29A08178E861}.Debug|Any CPU.Deploy.0 = Debug|Any CPU
		{43B4F58F-DBD6-439A-B038-29A08178E861}.Debug|ARM.ActiveCfg = Debug|Any CPU
		{43B4F58F-DBD6-439A-B038-29A08178E861}.Debug|ARM.Build.0 = Debug|Any CPU
		{43B4F58F-DBD6-439A-B038-29A08178E861}.Debug|ARM.Deploy.0 = Debug|Any CPU
		{43B4F58F-DBD6-439A-B038-29A08178E861}.Debug|iPhone.ActiveCfg = Debug|Any CPU
		{43B4F58F-DBD6-439A-B038-29A08178E861}.Debug|iPhone.Build.0 = Debug|Any CPU
		{43B4F58F-DBD6-439A-B038-29A08178E861}.Debug|iPhone.Deploy.0 = Debug|Any CPU
		{43B4F58F-DBD6-439A-B038-29A08178E861}.Debug|iPhoneSimulator.ActiveCfg = Debug|Any CPU
		{43B4F58F-DBD6-439A-B038-29A08178E861}.Debug|iPhoneSimulator.Build.0 = Debug|Any CPU
		{43B4F58F-DBD6-439A-B038-29A08178E861}.Debug|iPhoneSimulator.Deploy.0 = Debug|Any CPU
		{43B4F58F-DBD6-439A-B038-29A08178E861}.Debug|x64.ActiveCfg = Debug|Any CPU
		{43B4F58F-DBD6-439A-B038-29A08178E861}.Debug|x64.Build.0 = Debug|Any CPU
		{43B4F58F-DBD6-439A-B038-29A08178E861}.Debug|x64.Deploy.0 = Debug|Any CPU
		{43B4F58F-DBD6-439A-B038-29A08178E861}.Debug|x86.ActiveCfg = Debug|Any CPU
		{43B4F58F-DBD6-439A-B038-29A08178E861}.Debug|x86.Build.0 = Debug|Any CPU
		{43B4F58F-DBD6-439A-B038-29A08178E861}.Debug|x86.Deploy.0 = Debug|Any CPU
		{43B4F58F-DBD6-439A-B038-29A08178E861}.Release|Any CPU.ActiveCfg = Release|Any CPU
		{43B4F58F-DBD6-439A-B038-29A08178E861}.Release|Any CPU.Build.0 = Release|Any CPU
		{43B4F58F-DBD6-439A-B038-29A08178E861}.Release|Any CPU.Deploy.0 = Release|Any CPU
		{43B4F58F-DBD6-439A-B038-29A08178E861}.Release|ARM.ActiveCfg = Release|Any CPU
		{43B4F58F-DBD6-439A-B038-29A08178E861}.Release|ARM.Build.0 = Release|Any CPU
		{43B4F58F-DBD6-439A-B038-29A08178E861}.Release|ARM.Deploy.0 = Release|Any CPU
		{43B4F58F-DBD6-439A-B038-29A08178E861}.Release|iPhone.ActiveCfg = Release|Any CPU
		{43B4F58F-DBD6-439A-B038-29A08178E861}.Release|iPhone.Build.0 = Release|Any CPU
		{43B4F58F-DBD6-439A-B038-29A08178E861}.Release|iPhone.Deploy.0 = Release|Any CPU
		{43B4F58F-DBD6-439A-B038-29A08178E861}.Release|iPhoneSimulator.ActiveCfg = Release|Any CPU
		{43B4F58F-DBD6-439A-B038-29A08178E861}.Release|iPhoneSimulator.Build.0 = Release|Any CPU
		{43B4F58F-DBD6-439A-B038-29A08178E861}.Release|iPhoneSimulator.Deploy.0 = Release|Any CPU
		{43B4F58F-DBD6-439A-B038-29A08178E861}.Release|x64.ActiveCfg = Release|Any CPU
		{43B4F58F-DBD6-439A-B038-29A08178E861}.Release|x64.Build.0 = Release|Any CPU
		{43B4F58F-DBD6-439A-B038-29A08178E861}.Release|x64.Deploy.0 = Release|Any CPU
		{43B4F58F-DBD6-439A-B038-29A08178E861}.Release|x86.ActiveCfg = Release|Any CPU
		{43B4F58F-DBD6-439A-B038-29A08178E861}.Release|x86.Build.0 = Release|Any CPU
		{43B4F58F-DBD6-439A-B038-29A08178E861}.Release|x86.Deploy.0 = Release|Any CPU
		{893FCE6B-186D-45EC-8E27-50F9A16E7013}.Debug|Any CPU.ActiveCfg = Debug|Any CPU
		{893FCE6B-186D-45EC-8E27-50F9A16E7013}.Debug|Any CPU.Build.0 = Debug|Any CPU
		{893FCE6B-186D-45EC-8E27-50F9A16E7013}.Debug|ARM.ActiveCfg = Debug|Any CPU
		{893FCE6B-186D-45EC-8E27-50F9A16E7013}.Debug|ARM.Build.0 = Debug|Any CPU
		{893FCE6B-186D-45EC-8E27-50F9A16E7013}.Debug|iPhone.ActiveCfg = Debug|Any CPU
		{893FCE6B-186D-45EC-8E27-50F9A16E7013}.Debug|iPhone.Build.0 = Debug|Any CPU
		{893FCE6B-186D-45EC-8E27-50F9A16E7013}.Debug|iPhoneSimulator.ActiveCfg = Debug|Any CPU
		{893FCE6B-186D-45EC-8E27-50F9A16E7013}.Debug|iPhoneSimulator.Build.0 = Debug|Any CPU
		{893FCE6B-186D-45EC-8E27-50F9A16E7013}.Debug|x64.ActiveCfg = Debug|Any CPU
		{893FCE6B-186D-45EC-8E27-50F9A16E7013}.Debug|x64.Build.0 = Debug|Any CPU
		{893FCE6B-186D-45EC-8E27-50F9A16E7013}.Debug|x86.ActiveCfg = Debug|Any CPU
		{893FCE6B-186D-45EC-8E27-50F9A16E7013}.Debug|x86.Build.0 = Debug|Any CPU
		{893FCE6B-186D-45EC-8E27-50F9A16E7013}.Release|Any CPU.ActiveCfg = Release|Any CPU
		{893FCE6B-186D-45EC-8E27-50F9A16E7013}.Release|Any CPU.Build.0 = Release|Any CPU
		{893FCE6B-186D-45EC-8E27-50F9A16E7013}.Release|ARM.ActiveCfg = Release|Any CPU
		{893FCE6B-186D-45EC-8E27-50F9A16E7013}.Release|ARM.Build.0 = Release|Any CPU
		{893FCE6B-186D-45EC-8E27-50F9A16E7013}.Release|iPhone.ActiveCfg = Release|Any CPU
		{893FCE6B-186D-45EC-8E27-50F9A16E7013}.Release|iPhone.Build.0 = Release|Any CPU
		{893FCE6B-186D-45EC-8E27-50F9A16E7013}.Release|iPhoneSimulator.ActiveCfg = Release|Any CPU
		{893FCE6B-186D-45EC-8E27-50F9A16E7013}.Release|iPhoneSimulator.Build.0 = Release|Any CPU
		{893FCE6B-186D-45EC-8E27-50F9A16E7013}.Release|x64.ActiveCfg = Release|Any CPU
		{893FCE6B-186D-45EC-8E27-50F9A16E7013}.Release|x64.Build.0 = Release|Any CPU
		{893FCE6B-186D-45EC-8E27-50F9A16E7013}.Release|x86.ActiveCfg = Release|Any CPU
		{893FCE6B-186D-45EC-8E27-50F9A16E7013}.Release|x86.Build.0 = Release|Any CPU
		{3355D5BC-131D-4599-AC6E-B3C43D623CA2}.Debug|Any CPU.ActiveCfg = Debug|Any CPU
		{3355D5BC-131D-4599-AC6E-B3C43D623CA2}.Debug|Any CPU.Build.0 = Debug|Any CPU
		{3355D5BC-131D-4599-AC6E-B3C43D623CA2}.Debug|ARM.ActiveCfg = Debug|Any CPU
		{3355D5BC-131D-4599-AC6E-B3C43D623CA2}.Debug|ARM.Build.0 = Debug|Any CPU
		{3355D5BC-131D-4599-AC6E-B3C43D623CA2}.Debug|iPhone.ActiveCfg = Debug|Any CPU
		{3355D5BC-131D-4599-AC6E-B3C43D623CA2}.Debug|iPhone.Build.0 = Debug|Any CPU
		{3355D5BC-131D-4599-AC6E-B3C43D623CA2}.Debug|iPhoneSimulator.ActiveCfg = Debug|Any CPU
		{3355D5BC-131D-4599-AC6E-B3C43D623CA2}.Debug|iPhoneSimulator.Build.0 = Debug|Any CPU
		{3355D5BC-131D-4599-AC6E-B3C43D623CA2}.Debug|x64.ActiveCfg = Debug|Any CPU
		{3355D5BC-131D-4599-AC6E-B3C43D623CA2}.Debug|x64.Build.0 = Debug|Any CPU
		{3355D5BC-131D-4599-AC6E-B3C43D623CA2}.Debug|x86.ActiveCfg = Debug|Any CPU
		{3355D5BC-131D-4599-AC6E-B3C43D623CA2}.Debug|x86.Build.0 = Debug|Any CPU
		{3355D5BC-131D-4599-AC6E-B3C43D623CA2}.Release|Any CPU.ActiveCfg = Release|Any CPU
		{3355D5BC-131D-4599-AC6E-B3C43D623CA2}.Release|Any CPU.Build.0 = Release|Any CPU
		{3355D5BC-131D-4599-AC6E-B3C43D623CA2}.Release|ARM.ActiveCfg = Release|Any CPU
		{3355D5BC-131D-4599-AC6E-B3C43D623CA2}.Release|ARM.Build.0 = Release|Any CPU
		{3355D5BC-131D-4599-AC6E-B3C43D623CA2}.Release|iPhone.ActiveCfg = Release|Any CPU
		{3355D5BC-131D-4599-AC6E-B3C43D623CA2}.Release|iPhone.Build.0 = Release|Any CPU
		{3355D5BC-131D-4599-AC6E-B3C43D623CA2}.Release|iPhoneSimulator.ActiveCfg = Release|Any CPU
		{3355D5BC-131D-4599-AC6E-B3C43D623CA2}.Release|iPhoneSimulator.Build.0 = Release|Any CPU
		{3355D5BC-131D-4599-AC6E-B3C43D623CA2}.Release|x64.ActiveCfg = Release|Any CPU
		{3355D5BC-131D-4599-AC6E-B3C43D623CA2}.Release|x64.Build.0 = Release|Any CPU
		{3355D5BC-131D-4599-AC6E-B3C43D623CA2}.Release|x86.ActiveCfg = Release|Any CPU
		{3355D5BC-131D-4599-AC6E-B3C43D623CA2}.Release|x86.Build.0 = Release|Any CPU
		{1D359E2F-B223-406A-95E1-5BBAE3BD8CC4}.Debug|Any CPU.ActiveCfg = Debug|Any CPU
		{1D359E2F-B223-406A-95E1-5BBAE3BD8CC4}.Debug|Any CPU.Build.0 = Debug|Any CPU
		{1D359E2F-B223-406A-95E1-5BBAE3BD8CC4}.Debug|ARM.ActiveCfg = Debug|Any CPU
		{1D359E2F-B223-406A-95E1-5BBAE3BD8CC4}.Debug|ARM.Build.0 = Debug|Any CPU
		{1D359E2F-B223-406A-95E1-5BBAE3BD8CC4}.Debug|iPhone.ActiveCfg = Debug|Any CPU
		{1D359E2F-B223-406A-95E1-5BBAE3BD8CC4}.Debug|iPhone.Build.0 = Debug|Any CPU
		{1D359E2F-B223-406A-95E1-5BBAE3BD8CC4}.Debug|iPhoneSimulator.ActiveCfg = Debug|Any CPU
		{1D359E2F-B223-406A-95E1-5BBAE3BD8CC4}.Debug|iPhoneSimulator.Build.0 = Debug|Any CPU
		{1D359E2F-B223-406A-95E1-5BBAE3BD8CC4}.Debug|x64.ActiveCfg = Debug|Any CPU
		{1D359E2F-B223-406A-95E1-5BBAE3BD8CC4}.Debug|x64.Build.0 = Debug|Any CPU
		{1D359E2F-B223-406A-95E1-5BBAE3BD8CC4}.Debug|x86.ActiveCfg = Debug|Any CPU
		{1D359E2F-B223-406A-95E1-5BBAE3BD8CC4}.Debug|x86.Build.0 = Debug|Any CPU
		{1D359E2F-B223-406A-95E1-5BBAE3BD8CC4}.Release|Any CPU.ActiveCfg = Release|Any CPU
		{1D359E2F-B223-406A-95E1-5BBAE3BD8CC4}.Release|Any CPU.Build.0 = Release|Any CPU
		{1D359E2F-B223-406A-95E1-5BBAE3BD8CC4}.Release|ARM.ActiveCfg = Release|Any CPU
		{1D359E2F-B223-406A-95E1-5BBAE3BD8CC4}.Release|ARM.Build.0 = Release|Any CPU
		{1D359E2F-B223-406A-95E1-5BBAE3BD8CC4}.Release|iPhone.ActiveCfg = Release|Any CPU
		{1D359E2F-B223-406A-95E1-5BBAE3BD8CC4}.Release|iPhone.Build.0 = Release|Any CPU
		{1D359E2F-B223-406A-95E1-5BBAE3BD8CC4}.Release|iPhoneSimulator.ActiveCfg = Release|Any CPU
		{1D359E2F-B223-406A-95E1-5BBAE3BD8CC4}.Release|iPhoneSimulator.Build.0 = Release|Any CPU
		{1D359E2F-B223-406A-95E1-5BBAE3BD8CC4}.Release|x64.ActiveCfg = Release|Any CPU
		{1D359E2F-B223-406A-95E1-5BBAE3BD8CC4}.Release|x64.Build.0 = Release|Any CPU
		{1D359E2F-B223-406A-95E1-5BBAE3BD8CC4}.Release|x86.ActiveCfg = Release|Any CPU
		{1D359E2F-B223-406A-95E1-5BBAE3BD8CC4}.Release|x86.Build.0 = Release|Any CPU
	EndGlobalSection
	GlobalSection(SolutionProperties) = preSolution
		HideSolutionNode = FALSE
	EndGlobalSection
	GlobalSection(ExtensibilityGlobals) = postSolution
		SolutionGuid = {82AFFABE-208C-45AF-9F66-9FF71AEAC7BA}
	EndGlobalSection
EndGlobal
